
Microsoft Visual Studio Solution File, Format Version 12.00
# Visual Studio Version 16
VisualStudioVersion = 16.0.31112.23
MinimumVisualStudioVersion = 10.0.40219.1
Project("{FAE04EC0-301F-11D3-BF4B-00C04F79EFBC}") = "Lms.UI", "Lms.UI\Lms.UI.csproj", "{8F03C5B6-F503-40EF-B48F-14D1A2716C5A}"
EndProject
Project("{FAE04EC0-301F-11D3-BF4B-00C04F79EFBC}") = "Lms.Data", "Lms.Data\Lms.Data.csproj", "{75774C36-3E87-434A-8F3B-9BD1F0F34BAC}"
EndProject
Project("{FAE04EC0-301F-11D3-BF4B-00C04F79EFBC}") = "Lms.Core", "Lms.Core\Lms.Core.csproj", "{29FA11C1-5B65-4F3F-AA6C-2B07BC9B1817}"
EndProject
Global
	GlobalSection(SolutionConfigurationPlatforms) = preSolution
		Debug|Any CPU = Debug|Any CPU
		Release|Any CPU = Release|Any CPU
	EndGlobalSection
	GlobalSection(ProjectConfigurationPlatforms) = postSolution
		{8F03C5B6-F503-40EF-B48F-14D1A2716C5A}.Debug|Any CPU.ActiveCfg = Debug|Any CPU
		{8F03C5B6-F503-40EF-B48F-14D1A2716C5A}.Debug|Any CPU.Build.0 = Debug|Any CPU
		{8F03C5B6-F503-40EF-B48F-14D1A2716C5A}.Release|Any CPU.ActiveCfg = Release|Any CPU
		{8F03C5B6-F503-40EF-B48F-14D1A2716C5A}.Release|Any CPU.Build.0 = Release|Any CPU
		{75774C36-3E87-434A-8F3B-9BD1F0F34BAC}.Debug|Any CPU.ActiveCfg = Debug|Any CPU
		{75774C36-3E87-434A-8F3B-9BD1F0F34BAC}.Debug|Any CPU.Build.0 = Debug|Any CPU
		{75774C36-3E87-434A-8F3B-9BD1F0F34BAC}.Release|Any CPU.ActiveCfg = Release|Any CPU
		{75774C36-3E87-434A-8F3B-9BD1F0F34BAC}.Release|Any CPU.Build.0 = Release|Any CPU
		{29FA11C1-5B65-4F3F-AA6C-2B07BC9B1817}.Debug|Any CPU.ActiveCfg = Debug|Any CPU
		{29FA11C1-5B65-4F3F-AA6C-2B07BC9B1817}.Debug|Any CPU.Build.0 = Debug|Any CPU
		{29FA11C1-5B65-4F3F-AA6C-2B07BC9B1817}.Release|Any CPU.ActiveCfg = Release|Any CPU
		{29FA11C1-5B65-4F3F-AA6C-2B07BC9B1817}.Release|Any CPU.Build.0 = Release|Any CPU
	EndGlobalSection
	GlobalSection(SolutionProperties) = preSolution
		HideSolutionNode = FALSE
	EndGlobalSection
	GlobalSection(ExtensibilityGlobals) = postSolution
		SolutionGuid = {09992ACC-3107-41B2-9D6A-E6D7A53A8016}
	EndGlobalSection
EndGlobal
